{
  "name": "extensions",
  "lockfileVersion": 3,
  "requires": true,
  "packages": {
    "": {
      "dependencies": {
        "typebox": "^1.1.38"
      }
    },
    "node_modules/typebox": {
      "version": "1.2.1",
      "resolved": "https://registry.npmjs.org/typebox/-/typebox-1.2.1.tgz",
      "integrity": "sha512-0upGv6+mxJR7/Wc7yoxjc/U6SjOk2aNDNzbihYacSHh+JfOsf28IJ8ggW4/3tRlDKfbInvEDPVneEywjOWYCzw==",
      "license": "MIT"
    }
  }
}
